
Microsoft Visual Studio Solution File, Format Version 12.00
# Visual Studio Version 16
VisualStudioVersion = 16.0.32106.194
MinimumVisualStudioVersion = 10.0.40219.1
Project("{FAE04EC0-301F-11D3-BF4B-00C04F79EFBC}") = "finalAssignment1", "finalAssignment1.csproj", "{8451077B-1DAA-499D-A1B6-E37635386426}"
EndProject
Global
	GlobalSection(SolutionConfigurationPlatforms) = preSolution
		Debug|Any CPU = Debug|Any CPU
		Release|Any CPU = Release|Any CPU
	EndGlobalSection
	GlobalSection(ProjectConfigurationPlatforms) = postSolution
		{8451077B-1DAA-499D-A1B6-E37635386426}.Debug|Any CPU.ActiveCfg = Debug|Any CPU
		{8451077B-1DAA-499D-A1B6-E37635386426}.Debug|Any CPU.Build.0 = Debug|Any CPU
		{8451077B-1DAA-499D-A1B6-E37635386426}.Release|Any CPU.ActiveCfg = Release|Any CPU
		{8451077B-1DAA-499D-A1B6-E37635386426}.Release|Any CPU.Build.0 = Release|Any CPU
	EndGlobalSection
	GlobalSection(SolutionProperties) = preSolution
		HideSolutionNode = FALSE
	EndGlobalSection
	GlobalSection(ExtensibilityGlobals) = postSolution
		SolutionGuid = {1D274966-5861-41A5-ABCD-CD311AD2F31E}
	EndGlobalSection
EndGlobal
